<?xml version="1.0" encoding="utf-8"?>
<Project ToolsVersion="4.0" xmlns="http://schemas.microsoft.com/developer/msbuild/2003">
  <ItemGroup>
    <Filter Include="Source Files">
      <UniqueIdentifier>{4FC737F1-C7A5-4376-A066-2A32D752A2FF}</UniqueIdentifier>
      <Extensions>cpp;c;cc;cxx;c++;cppm;ixx;def;odl;idl;hpj;bat;asm;asmx</Extensions>
    </Filter>
    <Filter Include="Header Files">
      <UniqueIdentifier>{93995380-89BD-4b04-88EB-625FBE52EBFB}</UniqueIdentifier>
      <Extensions>h;hh;hpp;hxx;h++;hm;inl;inc;ipp;xsd</Extensions>
    </Filter>
    <Filter Include="Resource Files">
      <UniqueIdentifier>{67DA6AB6-F800-4c08-8B7A-83BB121AAD01}</UniqueIdentifier>
      <Extensions>rc;ico;cur;bmp;dlg;rc2;rct;bin;rgs;gif;jpg;jpeg;jpe;resx;tiff;tif;png;wav;mfcribbon-ms</Extensions>
    </Filter>
    <Filter Include="Header Files\App">
      <UniqueIdentifier>{60dcf4be-51db-4105-bda1-16e827c8b2a8}</UniqueIdentifier>
    </Filter>
    <Filter Include="Source Files\App">
      <UniqueIdentifier>{5081cd6b-fa85-4ec5-bf5b-d4d227980a05}</UniqueIdentifier>
    </Filter>
    <Filter Include="Header Files\UI">
      <UniqueIdentifier>{f84f315d-23e0-4f09-a819-ed8769c5302b}</UniqueIdentifier>
    </Filter>
    <Filter Include="Source Files\UI">
      <UniqueIdentifier>{54c75369-b625-4a5a-974d-5231b4c847f1}</UniqueIdentifier>
    </Filter>
    <Filter Include="Header Files\图像处理">
      <UniqueIdentifier>{da5a8087-c15b-4b2c-96a9-95dc4f951ea4}</UniqueIdentifier>
    </Filter>
    <Filter Include="Source Files\图像处理">
      <UniqueIdentifier>{63a836e9-2f95-46f0-b9fe-e290d173a752}</UniqueIdentifier>
    </Filter>
    <Filter Include="Header Files\接口">
      <UniqueIdentifier>{a469bc82-60fd-43b8-b21e-ec91d6d8bee6}</UniqueIdentifier>
    </Filter>
    <Filter Include="Header Files\功能函数">
      <UniqueIdentifier>{aab9556a-c301-470f-b211-243e2bd56e5d}</UniqueIdentifier>
    </Filter>
    <Filter Include="Source Files\功能函数">
      <UniqueIdentifier>{9ec5c1ef-3998-4aad-a15b-4a76eaf40166}</UniqueIdentifier>
    </Filter>
    <Filter Include="Header Files\主进程">
      <UniqueIdentifier>{b70e0f28-5e61-4ab2-9d83-bba72e5661d2}</UniqueIdentifier>
    </Filter>
    <Filter Include="Source Files\主进程">
      <UniqueIdentifier>{2fe232ce-91d4-433b-9dd4-9e6395a46568}</UniqueIdentifier>
    </Filter>
    <Filter Include="Header Files\PLC">
      <UniqueIdentifier>{47f40740-2b96-4d69-b1f8-3d4d413bc2ac}</UniqueIdentifier>
    </Filter>
    <Filter Include="Source Files\PLC">
      <UniqueIdentifier>{ba314245-cd50-446f-9264-4fc6df439cbf}</UniqueIdentifier>
    </Filter>
    <Filter Include="Header Files\ORM">
      <UniqueIdentifier>{bf8478aa-2763-4a2c-bfa1-37402241cc1c}</UniqueIdentifier>
    </Filter>
    <Filter Include="Source Files\Model">
      <UniqueIdentifier>{0b114464-1e66-444a-90b5-996ddb2d57f8}</UniqueIdentifier>
    </Filter>
    <Filter Include="Header Files\Model">
      <UniqueIdentifier>{470fd218-ecca-4cbc-bc21-1140655f3fc5}</UniqueIdentifier>
    </Filter>
    <Filter Include="Header Files\HDBridge">
      <UniqueIdentifier>{ee76bb5d-1f7e-47f9-a6ea-72067d351102}</UniqueIdentifier>
    </Filter>
    <Filter Include="Header Files\HDBridge\HDBridge">
      <UniqueIdentifier>{0dd5ada7-f330-4101-a1eb-5333699f1c00}</UniqueIdentifier>
    </Filter>
    <Filter Include="Source Files\HDBridge">
      <UniqueIdentifier>{5a8e9006-0c27-4b84-bb45-ed5ba138a05f}</UniqueIdentifier>
    </Filter>
    <Filter Include="Source Files\功能函数\jsoncpp">
      <UniqueIdentifier>{8e5ef684-0bb6-4db9-879e-cc3a232c6602}</UniqueIdentifier>
    </Filter>
    <Filter Include="Header Files\Duckx">
      <UniqueIdentifier>{f6882a17-3dbf-4531-8b43-686d98b075f7}</UniqueIdentifier>
    </Filter>
    <Filter Include="Source Files\Duckx">
      <UniqueIdentifier>{6c1ca592-30c1-4293-9413-6979238cf956}</UniqueIdentifier>
    </Filter>
  </ItemGroup>
  <ItemGroup>
    <ClInclude Include="Define.h">
      <Filter>Header Files\App</Filter>
    </ClInclude>
    <ClInclude Include="framework.h">
      <Filter>Header Files\App</Filter>
    </ClInclude>
    <ClInclude Include="pch.h">
      <Filter>Header Files\App</Filter>
    </ClInclude>
    <ClInclude Include="Resource.h">
      <Filter>Header Files\App</Filter>
    </ClInclude>
    <ClInclude Include="targetver.h">
      <Filter>Header Files\App</Filter>
    </ClInclude>
    <ClInclude Include="Mutilple.h">
      <Filter>Header Files\App</Filter>
    </ClInclude>
    <ClInclude Include="ICheckCarrier.h">
      <Filter>Header Files\接口</Filter>
    </ClInclude>
    <ClInclude Include="Thread.h">
      <Filter>Header Files\功能函数</Filter>
    </ClInclude>
    <ClInclude Include="ToolFunc.h">
      <Filter>Header Files\功能函数</Filter>
    </ClInclude>
    <ClInclude Include="MainProcess.h">
      <Filter>Header Files\主进程</Filter>
    </ClInclude>
    <ClInclude Include="ICoder.h">
      <Filter>Header Files\接口</Filter>
    </ClInclude>
    <ClInclude Include="snap7.h">
      <Filter>Header Files\PLC</Filter>
    </ClInclude>
    <ClInclude Include="Extensions\sqlite_orm\include\sqlite_orm\sqlite_orm.h">
      <Filter>Header Files\ORM</Filter>
    </ClInclude>
    <ClInclude Include="Model\SystemConfig.h">
      <Filter>Header Files\Model</Filter>
    </ClInclude>
    <ClInclude Include="Model\UserModel.h">
      <Filter>Header Files\Model</Filter>
    </ClInclude>
    <ClInclude Include="Extensions\HDBridge\include\HDBridge.h">
      <Filter>Header Files\HDBridge</Filter>
    </ClInclude>
    <ClInclude Include="Extensions\HDBridge\include\HDBridge\Utils.h">
      <Filter>Header Files\HDBridge\HDBridge</Filter>
    </ClInclude>
    <ClInclude Include="Extensions\HDBridge\boards\TOFDPort\include\TOFDPort.h">
      <Filter>Header Files\HDBridge</Filter>
    </ClInclude>
    <ClInclude Include="Extensions\HDBridge\boards\TOFDPort\include\HDBridge\TOFDPort.h">
      <Filter>Header Files\HDBridge\HDBridge</Filter>
    </ClInclude>
    <ClInclude Include="Widgets\ModelGroupAScan.h">
      <Filter>Header Files\图像处理</Filter>
    </ClInclude>
    <ClInclude Include="Widgets\MeshAscan.h">
      <Filter>Header Files\图像处理</Filter>
    </ClInclude>
    <ClInclude Include="Widgets\OpenGL.h">
      <Filter>Header Files\图像处理</Filter>
    </ClInclude>
    <ClInclude Include="Widgets\MeshGroupCScan.h">
      <Filter>Header Files\图像处理</Filter>
    </ClInclude>
    <ClInclude Include="Widgets\ModelGroupCScan.h">
      <Filter>Header Files\图像处理</Filter>
    </ClInclude>
    <ClInclude Include="Widgets\Model.h">
      <Filter>Header Files\图像处理</Filter>
    </ClInclude>
    <ClInclude Include="Widgets\Mesh.h">
      <Filter>Header Files\图像处理</Filter>
    </ClInclude>
    <ClInclude Include="Widgets\FreeFont.h">
      <Filter>Header Files\图像处理</Filter>
    </ClInclude>
    <ClInclude Include="Widgets\Axis.h">
      <Filter>Header Files\图像处理</Filter>
    </ClInclude>
    <ClInclude Include="UI\DMessageBox.h">
      <Filter>Header Files\UI</Filter>
    </ClInclude>
    <ClInclude Include="UI\DuiWindowBase.h">
      <Filter>Header Files\UI</Filter>
    </ClInclude>
    <ClInclude Include="UI\GroupScanWnd.h">
      <Filter>Header Files\UI</Filter>
    </ClInclude>
    <ClInclude Include="Widgets\ModelAScan.h">
      <Filter>Header Files\图像处理</Filter>
    </ClInclude>
    <ClInclude Include="UI\ChannelSettingWnd.h">
      <Filter>Header Files\UI</Filter>
    </ClInclude>
    <ClInclude Include="UI\SettingWnd.h">
      <Filter>Header Files\UI</Filter>
    </ClInclude>
    <ClInclude Include="Model\ScanRecord.h">
      <Filter>Header Files\Model</Filter>
    </ClInclude>
    <ClInclude Include="UI\RecordSelectWnd.h">
      <Filter>Header Files\UI</Filter>
    </ClInclude>
    <ClInclude Include="UI\ParamManagementWnd.h">
      <Filter>Header Files\UI</Filter>
    </ClInclude>
    <ClInclude Include="UI\BusyWnd.h">
      <Filter>Header Files\UI</Filter>
    </ClInclude>
    <ClInclude Include="UI\InputDialogWnd.h">
      <Filter>Header Files\UI</Filter>
    </ClInclude>
    <ClInclude Include="UI\DefectsListWnd.h">
      <Filter>Header Files\UI</Filter>
    </ClInclude>
    <ClInclude Include="Extensions\Duckx\include\constants.hpp">
      <Filter>Header Files\Duckx</Filter>
    </ClInclude>
    <ClInclude Include="Extensions\Duckx\include\duckx.hpp">
      <Filter>Header Files\Duckx</Filter>
    </ClInclude>
    <ClInclude Include="Extensions\Duckx\include\duckxiterator.hpp">
      <Filter>Header Files\Duckx</Filter>
    </ClInclude>
    <ClInclude Include="Extensions\Duckx\include\miniz.h">
      <Filter>Header Files\Duckx</Filter>
    </ClInclude>
    <ClInclude Include="Extensions\Duckx\include\pugiconfig.hpp">
      <Filter>Header Files\Duckx</Filter>
    </ClInclude>
    <ClInclude Include="Extensions\Duckx\include\pugixml.hpp">
      <Filter>Header Files\Duckx</Filter>
    </ClInclude>
    <ClInclude Include="Extensions\Duckx\include\zip.h">
      <Filter>Header Files\Duckx</Filter>
    </ClInclude>
    <ClInclude Include="Model\DetectInfo.h">
      <Filter>Header Files\Model</Filter>
    </ClInclude>
    <ClInclude Include="UI\DetectionInformationEntryWnd.h">
      <Filter>Header Files\UI</Filter>
    </ClInclude>
    <ClInclude Include="AbsPLCIntf.h">
      <Filter>Header Files\PLC</Filter>
    </ClInclude>
    <ClInclude Include="UI\HardWareWnd.h">
      <Filter>Header Files\UI</Filter>
    </ClInclude>
  </ItemGroup>
  <ItemGroup>
    <ClCompile Include="Mutilple.cpp">
      <Filter>Source Files\App</Filter>
    </ClCompile>
    <ClCompile Include="pch.cpp">
      <Filter>Source Files\App</Filter>
    </ClCompile>
    <ClCompile Include="ToolFunc.cpp">
      <Filter>Source Files\功能函数</Filter>
    </ClCompile>
    <ClCompile Include="MainProcess.cpp">
      <Filter>Source Files\主进程</Filter>
    </ClCompile>
    <ClCompile Include="snap7.cpp">
      <Filter>Source Files\PLC</Filter>
    </ClCompile>
    <ClCompile Include="snap7.cpp">
      <Filter>Source Files\PLC</Filter>
    </ClCompile>
    <ClCompile Include="Model\SystemConfig.cpp">
      <Filter>Source Files\Model</Filter>
    </ClCompile>
    <ClCompile Include="Model\UserModel.cpp">
      <Filter>Source Files\Model</Filter>
    </ClCompile>
    <ClCompile Include="Extensions\HDBridge\src\Utils.cpp">
      <Filter>Source Files\HDBridge</Filter>
    </ClCompile>
    <ClCompile Include="Extensions\HDBridge\boards\TOFDPort\TOFDPort.cpp">
      <Filter>Source Files\HDBridge</Filter>
    </ClCompile>
    <ClCompile Include="Widgets\MeshAscan.cpp">
      <Filter>Source Files\图像处理</Filter>
    </ClCompile>
    <ClCompile Include="Widgets\ModelGroupAScan.cpp">
      <Filter>Source Files\图像处理</Filter>
    </ClCompile>
    <ClCompile Include="Widgets\OpenGL.cpp">
      <Filter>Source Files\图像处理</Filter>
    </ClCompile>
    <ClCompile Include="Widgets\MeshGroupCScan.cpp">
      <Filter>Source Files\图像处理</Filter>
    </ClCompile>
    <ClCompile Include="Widgets\ModelGroupCScan.cpp">
      <Filter>Source Files\图像处理</Filter>
    </ClCompile>
    <ClCompile Include="Widgets\Mesh.cpp">
      <Filter>Source Files\图像处理</Filter>
    </ClCompile>
    <ClCompile Include="Widgets\Model.cpp">
      <Filter>Source Files\图像处理</Filter>
    </ClCompile>
    <ClCompile Include="Widgets\FreeFont.cpp">
      <Filter>Source Files\图像处理</Filter>
    </ClCompile>
    <ClCompile Include="Widgets\Axis.cpp">
      <Filter>Source Files\图像处理</Filter>
    </ClCompile>
    <ClCompile Include="UI\DMessageBox.cpp">
      <Filter>Source Files\UI</Filter>
    </ClCompile>
    <ClCompile Include="UI\DuiWindowBase.cpp">
      <Filter>Source Files\UI</Filter>
    </ClCompile>
    <ClCompile Include="UI\GroupScanWnd.cpp">
      <Filter>Source Files\UI</Filter>
    </ClCompile>
    <ClCompile Include="Thread.cpp">
      <Filter>Source Files\功能函数</Filter>
    </ClCompile>
    <ClCompile Include="Widgets\ModelAScan.cpp">
      <Filter>Source Files\图像处理</Filter>
    </ClCompile>
    <ClCompile Include="UI\SettingWnd.cpp">
      <Filter>Source Files\UI</Filter>
    </ClCompile>
    <ClCompile Include="UI\ChannelSettingWnd.cpp">
      <Filter>Source Files\UI</Filter>
    </ClCompile>
    <ClCompile Include="Model\ScanRecord.cpp">
      <Filter>Source Files\Model</Filter>
    </ClCompile>
    <ClCompile Include="UI\RecordSelectWnd.cpp">
      <Filter>Source Files\UI</Filter>
    </ClCompile>
    <ClCompile Include="UI\ParamManagementWnd.cpp">
      <Filter>Source Files\UI</Filter>
    </ClCompile>
    <ClCompile Include="UI\BusyWnd.cpp">
      <Filter>Source Files\UI</Filter>
    </ClCompile>
    <ClCompile Include="UI\InputDialogWnd.cpp">
      <Filter>Source Files\UI</Filter>
    </ClCompile>
    <ClCompile Include="Extensions\jsoncpp\src\json_reader.cpp">
      <Filter>Source Files\功能函数\jsoncpp</Filter>
    </ClCompile>
    <ClCompile Include="Extensions\jsoncpp\src\json_value.cpp">
      <Filter>Source Files\功能函数\jsoncpp</Filter>
    </ClCompile>
    <ClCompile Include="Extensions\jsoncpp\src\json_writer.cpp">
      <Filter>Source Files\功能函数\jsoncpp</Filter>
    </ClCompile>
    <ClCompile Include="UI\DefectsListWnd.cpp">
      <Filter>Source Files\UI</Filter>
    </ClCompile>
    <ClCompile Include="Extensions\Duckx\src\duckx.cpp">
      <Filter>Source Files\Duckx</Filter>
    </ClCompile>
    <ClCompile Include="Extensions\Duckx\src\zip.c">
      <Filter>Source Files\Duckx</Filter>
    </ClCompile>
    <ClCompile Include="Extensions\Duckx\src\pugixml.cpp">
      <Filter>Source Files\Duckx</Filter>
    </ClCompile>
    <ClCompile Include="Model\DetectInfo.cpp">
      <Filter>Source Files\Model</Filter>
    </ClCompile>
    <ClCompile Include="UI\DetectionInformationEntryWnd.cpp">
      <Filter>Source Files\UI</Filter>
    </ClCompile>
    <ClCompile Include="AbsPLCIntf.cpp">
      <Filter>Source Files\PLC</Filter>
    </ClCompile>
    <ClCompile Include="UI\HardWareWnd.cpp">
      <Filter>Source Files\UI</Filter>
    </ClCompile>
  </ItemGroup>
  <ItemGroup>
    <ResourceCompile Include="Mutilple.rc">
      <Filter>Resource Files</Filter>
    </ResourceCompile>
  </ItemGroup>
  <ItemGroup>
    <None Include="res\Mutilple.rc2">
      <Filter>Resource Files</Filter>
    </None>
  </ItemGroup>
  <ItemGroup>
    <Image Include="res\Mutilple.ico">
      <Filter>Resource Files</Filter>
    </Image>
    <Image Include="res\icon1.ico">
      <Filter>Resource Files</Filter>
    </Image>
  </ItemGroup>
  <ItemGroup>
    <Font Include="res\default.ttf" />
  </ItemGroup>
</Project>